
Microsoft Visual Studio Solution File, Format Version 12.00
# Visual Studio 15
VisualStudioVersion = 15.0.28010.2026
MinimumVisualStudioVersion = 10.0.40219.1
Project("{FAE04EC0-301F-11D3-BF4B-00C04F79EFBC}") = "Experiments", "Experiments\Experiments.csproj", "{156F9264-9271-4DB5-B65B-AC85A63F44AF}"
EndProject
Global
	GlobalSection(SolutionConfigurationPlatforms) = preSolution
		Debug|Any CPU = Debug|Any CPU
		Release|Any CPU = Release|Any CPU
	EndGlobalSection
	GlobalSection(ProjectConfigurationPlatforms) = postSolution
		{156F9264-9271-4DB5-B65B-AC85A63F44AF}.Debug|Any CPU.ActiveCfg = Debug|Any CPU
		{156F9264-9271-4DB5-B65B-AC85A63F44AF}.Debug|Any CPU.Build.0 = Debug|Any CPU
		{156F9264-9271-4DB5-B65B-AC85A63F44AF}.Release|Any CPU.ActiveCfg = Release|Any CPU
		{156F9264-9271-4DB5-B65B-AC85A63F44AF}.Release|Any CPU.Build.0 = Release|Any CPU
	EndGlobalSection
	GlobalSection(SolutionProperties) = preSolution
		HideSolutionNode = FALSE
	EndGlobalSection
	GlobalSection(ExtensibilityGlobals) = postSolution
		SolutionGuid = {041217CB-81FD-4944-9197-CE5E580A8407}
	EndGlobalSection
EndGlobal
